{
  "name": "minesweeper",
  "version": "1.0.0",
  "lockfileVersion": 1,
  "requires": true,
  "dependencies": {
    "@types/jquery": {
      "version": "3.3.1",
      "resolved": "https://registry.npmjs.org/@types/jquery/-/jquery-3.3.1.tgz",
      "integrity": "sha512-N3h+rzN518yl2xKrW0o6KKdNmWZ+OwG6SoM5TBEQFF0tTv5wXPEsoOuYQ2Kt3/89XbcSZUJLdjiT/2c3BR/ApQ=="
    },
    "easytimer.js": {
      "version": "2.2.1",
      "resolved": "https://registry.npmjs.org/easytimer.js/-/easytimer.js-2.2.1.tgz",
      "integrity": "sha512-rUOEEP7A2CZSgrhxC+xlmKdGDNYvDrwiQ08ZzNdgWTa2gFcAZ9PmsM1yHN2Zty3eyVnz7HzG1w89xzeL8x1aWQ=="
    },
    "requirejs": {
      "version": "2.3.5",
      "resolved": "https://registry.npmjs.org/requirejs/-/requirejs-2.3.5.tgz",
      "integrity": "sha512-svnO+aNcR/an9Dpi44C7KSAy5fFGLtmPbaaCeQaklUz8BQhS64tWWIIlvEA5jrWICzlO/X9KSzSeXFnZdBu8nw=="
    }
  }
}
